
Microsoft Visual Studio Solution File, Format Version 12.00
# Visual Studio Version 17
VisualStudioVersion = 17.11.35312.102
MinimumVisualStudioVersion = 10.0.40219.1
Project("{FAE04EC0-301F-11D3-BF4B-00C04F79EFBC}") = "Datatypes.cs", "myprojectcs\Datatypes.cs.csproj", "{0404CE5E-D2B2-489A-85E5-14688EC8AED9}"
EndProject
Project("{FAE04EC0-301F-11D3-BF4B-00C04F79EFBC}") = "ReturnValues", "ReturnValues\ReturnValues.csproj", "{D5501DA8-0149-47CD-96B0-77EE37C819FB}"
EndProject
Project("{FAE04EC0-301F-11D3-BF4B-00C04F79EFBC}") = "if statements", "if statements\if statements.csproj", "{D4E3DE9B-734B-4666-A646-F2584C34F94F}"
EndProject
Project("{FAE04EC0-301F-11D3-BF4B-00C04F79EFBC}") = "if, else if and else statements", "ConsoleApp1\if, else if and else statements.csproj", "{9D368455-6742-429B-A1A1-DB2C88084B9A}"
EndProject
Project("{FAE04EC0-301F-11D3-BF4B-00C04F79EFBC}") = "array", "array\array.csproj", "{702C53D7-C33B-4AE8-A32F-CEDB73855997}"
EndProject
Project("{FAE04EC0-301F-11D3-BF4B-00C04F79EFBC}") = "foreach statement", "foreach statement\foreach statement.csproj", "{AFF66BE3-1966-4309-BA01-2ED014F9C07F}"
EndProject
Project("{FAE04EC0-301F-11D3-BF4B-00C04F79EFBC}") = "whitespace", "whitespace\whitespace.csproj", "{2CBD5FD7-3831-4536-8E6A-637FD3BB7FC4}"
EndProject
Project("{FAE04EC0-301F-11D3-BF4B-00C04F79EFBC}") = "array variables,foreach loops and if statements", "array variables,foreach and if statements\array variables,foreach loops and if statements.csproj", "{B3A9EA0A-9E13-4C81-A9DE-B67552A50245}"
EndProject
Project("{FAE04EC0-301F-11D3-BF4B-00C04F79EFBC}") = "nested loop structure", "nested loop structure\nested loop structure.csproj", "{1DB5DE7E-7A3A-491A-BA81-7477FC019E06}"
EndProject
Project("{FAE04EC0-301F-11D3-BF4B-00C04F79EFBC}") = "code branches using selection statements", "code branches using selection statements\code branches using selection statements.csproj", "{13BC9A03-3EDD-4B6B-8FFC-F1D62C298A7C}"
EndProject
Project("{FAE04EC0-301F-11D3-BF4B-00C04F79EFBC}") = "foreach-if-array challenge project", "foreach-if-array challenge project\foreach-if-array challenge project.csproj", "{55A41825-A173-447A-B830-1084755300A0}"
EndProject
Project("{FAE04EC0-301F-11D3-BF4B-00C04F79EFBC}") = "equality operator", "equality operator\equality operator.csproj", "{2C3F19A8-BC30-4EAB-A7B9-4E71309096B9}"
EndProject
Project("{FAE04EC0-301F-11D3-BF4B-00C04F79EFBC}") = "Boolean expressions", "Boolean expressions\Boolean expressions.csproj", "{7354FE3E-8615-4FC6-900B-F21545833638}"
EndProject
Project("{FAE04EC0-301F-11D3-BF4B-00C04F79EFBC}") = "Code blocks", "Code blocks\Code blocks.csproj", "{0F7003DA-895F-454D-B4E8-56D8E21EF20F}"
EndProject
Project("{FAE04EC0-301F-11D3-BF4B-00C04F79EFBC}") = "Variable scope", "Variable scope\Variable scope.csproj", "{EC8DFC16-AC74-4946-A624-9741A2B238BF}"
EndProject
Project("{FAE04EC0-301F-11D3-BF4B-00C04F79EFBC}") = "switch statement", "switch statement\switch statement.csproj", "{B38F30EE-0820-408F-9B68-18DED143133A}"
EndProject
Project("{FAE04EC0-301F-11D3-BF4B-00C04F79EFBC}") = "for statement", "for statement\for statement.csproj", "{203A79B4-7CC2-409B-8270-6AA8D92A581F}"
EndProject
Project("{FAE04EC0-301F-11D3-BF4B-00C04F79EFBC}") = "do while statement", "do while statement\do while statement.csproj", "{0321504A-9DD6-4267-90EE-3D1675E8E765}"
EndProject
Project("{FAE04EC0-301F-11D3-BF4B-00C04F79EFBC}") = "integral types", "integral types\integral types.csproj", "{F32ECA8A-B79D-4931-BC17-64242E061F08}"
EndProject
Project("{FAE04EC0-301F-11D3-BF4B-00C04F79EFBC}") = "data type casting and conversion", "data type casting and conversion\data type casting and conversion.csproj", "{5C8369A8-B2B3-4B91-8437-92BB3B79A545}"
EndProject
Project("{FAE04EC0-301F-11D3-BF4B-00C04F79EFBC}") = "Discover Sort() and Reverse()", "Discover Sort() and Reverse()\Discover Sort() and Reverse().csproj", "{65EEC0F7-3BC5-43D7-BB60-D3C74B5E664F}"
EndProject
Project("{FAE04EC0-301F-11D3-BF4B-00C04F79EFBC}") = "Composite formatting", "Composite formatting\Composite formatting.csproj", "{7C36FCCA-7274-4E94-8477-A5E0CAB1B79C}"
EndProject
Project("{FAE04EC0-301F-11D3-BF4B-00C04F79EFBC}") = "string's IndexOf() and Substring()", "string's IndexOf() and Substring()\string's IndexOf() and Substring().csproj", "{A95DA0BA-19D3-41C9-BFF3-F0D63E6E0D32}"
EndProject
Global
	GlobalSection(SolutionConfigurationPlatforms) = preSolution
		Debug|Any CPU = Debug|Any CPU
		Release|Any CPU = Release|Any CPU
	EndGlobalSection
	GlobalSection(ProjectConfigurationPlatforms) = postSolution
		{0404CE5E-D2B2-489A-85E5-14688EC8AED9}.Debug|Any CPU.ActiveCfg = Debug|Any CPU
		{0404CE5E-D2B2-489A-85E5-14688EC8AED9}.Debug|Any CPU.Build.0 = Debug|Any CPU
		{0404CE5E-D2B2-489A-85E5-14688EC8AED9}.Release|Any CPU.ActiveCfg = Release|Any CPU
		{0404CE5E-D2B2-489A-85E5-14688EC8AED9}.Release|Any CPU.Build.0 = Release|Any CPU
		{D5501DA8-0149-47CD-96B0-77EE37C819FB}.Debug|Any CPU.ActiveCfg = Debug|Any CPU
		{D5501DA8-0149-47CD-96B0-77EE37C819FB}.Debug|Any CPU.Build.0 = Debug|Any CPU
		{D5501DA8-0149-47CD-96B0-77EE37C819FB}.Release|Any CPU.ActiveCfg = Release|Any CPU
		{D5501DA8-0149-47CD-96B0-77EE37C819FB}.Release|Any CPU.Build.0 = Release|Any CPU
		{D4E3DE9B-734B-4666-A646-F2584C34F94F}.Debug|Any CPU.ActiveCfg = Debug|Any CPU
		{D4E3DE9B-734B-4666-A646-F2584C34F94F}.Debug|Any CPU.Build.0 = Debug|Any CPU
		{D4E3DE9B-734B-4666-A646-F2584C34F94F}.Release|Any CPU.ActiveCfg = Release|Any CPU
		{D4E3DE9B-734B-4666-A646-F2584C34F94F}.Release|Any CPU.Build.0 = Release|Any CPU
		{9D368455-6742-429B-A1A1-DB2C88084B9A}.Debug|Any CPU.ActiveCfg = Debug|Any CPU
		{9D368455-6742-429B-A1A1-DB2C88084B9A}.Debug|Any CPU.Build.0 = Debug|Any CPU
		{9D368455-6742-429B-A1A1-DB2C88084B9A}.Release|Any CPU.ActiveCfg = Release|Any CPU
		{9D368455-6742-429B-A1A1-DB2C88084B9A}.Release|Any CPU.Build.0 = Release|Any CPU
		{702C53D7-C33B-4AE8-A32F-CEDB73855997}.Debug|Any CPU.ActiveCfg = Debug|Any CPU
		{702C53D7-C33B-4AE8-A32F-CEDB73855997}.Debug|Any CPU.Build.0 = Debug|Any CPU
		{702C53D7-C33B-4AE8-A32F-CEDB73855997}.Release|Any CPU.ActiveCfg = Release|Any CPU
		{702C53D7-C33B-4AE8-A32F-CEDB73855997}.Release|Any CPU.Build.0 = Release|Any CPU
		{AFF66BE3-1966-4309-BA01-2ED014F9C07F}.Debug|Any CPU.ActiveCfg = Debug|Any CPU
		{AFF66BE3-1966-4309-BA01-2ED014F9C07F}.Debug|Any CPU.Build.0 = Debug|Any CPU
		{AFF66BE3-1966-4309-BA01-2ED014F9C07F}.Release|Any CPU.ActiveCfg = Release|Any CPU
		{AFF66BE3-1966-4309-BA01-2ED014F9C07F}.Release|Any CPU.Build.0 = Release|Any CPU
		{2CBD5FD7-3831-4536-8E6A-637FD3BB7FC4}.Debug|Any CPU.ActiveCfg = Debug|Any CPU
		{2CBD5FD7-3831-4536-8E6A-637FD3BB7FC4}.Debug|Any CPU.Build.0 = Debug|Any CPU
		{2CBD5FD7-3831-4536-8E6A-637FD3BB7FC4}.Release|Any CPU.ActiveCfg = Release|Any CPU
		{2CBD5FD7-3831-4536-8E6A-637FD3BB7FC4}.Release|Any CPU.Build.0 = Release|Any CPU
		{B3A9EA0A-9E13-4C81-A9DE-B67552A50245}.Debug|Any CPU.ActiveCfg = Debug|Any CPU
		{B3A9EA0A-9E13-4C81-A9DE-B67552A50245}.Debug|Any CPU.Build.0 = Debug|Any CPU
		{B3A9EA0A-9E13-4C81-A9DE-B67552A50245}.Release|Any CPU.ActiveCfg = Release|Any CPU
		{B3A9EA0A-9E13-4C81-A9DE-B67552A50245}.Release|Any CPU.Build.0 = Release|Any CPU
		{1DB5DE7E-7A3A-491A-BA81-7477FC019E06}.Debug|Any CPU.ActiveCfg = Debug|Any CPU
		{1DB5DE7E-7A3A-491A-BA81-7477FC019E06}.Debug|Any CPU.Build.0 = Debug|Any CPU
		{1DB5DE7E-7A3A-491A-BA81-7477FC019E06}.Release|Any CPU.ActiveCfg = Release|Any CPU
		{1DB5DE7E-7A3A-491A-BA81-7477FC019E06}.Release|Any CPU.Build.0 = Release|Any CPU
		{13BC9A03-3EDD-4B6B-8FFC-F1D62C298A7C}.Debug|Any CPU.ActiveCfg = Debug|Any CPU
		{13BC9A03-3EDD-4B6B-8FFC-F1D62C298A7C}.Debug|Any CPU.Build.0 = Debug|Any CPU
		{13BC9A03-3EDD-4B6B-8FFC-F1D62C298A7C}.Release|Any CPU.ActiveCfg = Release|Any CPU
		{13BC9A03-3EDD-4B6B-8FFC-F1D62C298A7C}.Release|Any CPU.Build.0 = Release|Any CPU
		{55A41825-A173-447A-B830-1084755300A0}.Debug|Any CPU.ActiveCfg = Debug|Any CPU
		{55A41825-A173-447A-B830-1084755300A0}.Debug|Any CPU.Build.0 = Debug|Any CPU
		{55A41825-A173-447A-B830-1084755300A0}.Release|Any CPU.ActiveCfg = Release|Any CPU
		{55A41825-A173-447A-B830-1084755300A0}.Release|Any CPU.Build.0 = Release|Any CPU
		{2C3F19A8-BC30-4EAB-A7B9-4E71309096B9}.Debug|Any CPU.ActiveCfg = Debug|Any CPU
		{2C3F19A8-BC30-4EAB-A7B9-4E71309096B9}.Debug|Any CPU.Build.0 = Debug|Any CPU
		{2C3F19A8-BC30-4EAB-A7B9-4E71309096B9}.Release|Any CPU.ActiveCfg = Release|Any CPU
		{2C3F19A8-BC30-4EAB-A7B9-4E71309096B9}.Release|Any CPU.Build.0 = Release|Any CPU
		{7354FE3E-8615-4FC6-900B-F21545833638}.Debug|Any CPU.ActiveCfg = Debug|Any CPU
		{7354FE3E-8615-4FC6-900B-F21545833638}.Debug|Any CPU.Build.0 = Debug|Any CPU
		{7354FE3E-8615-4FC6-900B-F21545833638}.Release|Any CPU.ActiveCfg = Release|Any CPU
		{7354FE3E-8615-4FC6-900B-F21545833638}.Release|Any CPU.Build.0 = Release|Any CPU
		{0F7003DA-895F-454D-B4E8-56D8E21EF20F}.Debug|Any CPU.ActiveCfg = Debug|Any CPU
		{0F7003DA-895F-454D-B4E8-56D8E21EF20F}.Debug|Any CPU.Build.0 = Debug|Any CPU
		{0F7003DA-895F-454D-B4E8-56D8E21EF20F}.Release|Any CPU.ActiveCfg = Release|Any CPU
		{0F7003DA-895F-454D-B4E8-56D8E21EF20F}.Release|Any CPU.Build.0 = Release|Any CPU
		{EC8DFC16-AC74-4946-A624-9741A2B238BF}.Debug|Any CPU.ActiveCfg = Debug|Any CPU
		{EC8DFC16-AC74-4946-A624-9741A2B238BF}.Debug|Any CPU.Build.0 = Debug|Any CPU
		{EC8DFC16-AC74-4946-A624-9741A2B238BF}.Release|Any CPU.ActiveCfg = Release|Any CPU
		{EC8DFC16-AC74-4946-A624-9741A2B238BF}.Release|Any CPU.Build.0 = Release|Any CPU
		{B38F30EE-0820-408F-9B68-18DED143133A}.Debug|Any CPU.ActiveCfg = Debug|Any CPU
		{B38F30EE-0820-408F-9B68-18DED143133A}.Debug|Any CPU.Build.0 = Debug|Any CPU
		{B38F30EE-0820-408F-9B68-18DED143133A}.Release|Any CPU.ActiveCfg = Release|Any CPU
		{B38F30EE-0820-408F-9B68-18DED143133A}.Release|Any CPU.Build.0 = Release|Any CPU
		{203A79B4-7CC2-409B-8270-6AA8D92A581F}.Debug|Any CPU.ActiveCfg = Debug|Any CPU
		{203A79B4-7CC2-409B-8270-6AA8D92A581F}.Debug|Any CPU.Build.0 = Debug|Any CPU
		{203A79B4-7CC2-409B-8270-6AA8D92A581F}.Release|Any CPU.ActiveCfg = Release|Any CPU
		{203A79B4-7CC2-409B-8270-6AA8D92A581F}.Release|Any CPU.Build.0 = Release|Any CPU
		{0321504A-9DD6-4267-90EE-3D1675E8E765}.Debug|Any CPU.ActiveCfg = Debug|Any CPU
		{0321504A-9DD6-4267-90EE-3D1675E8E765}.Debug|Any CPU.Build.0 = Debug|Any CPU
		{0321504A-9DD6-4267-90EE-3D1675E8E765}.Release|Any CPU.ActiveCfg = Release|Any CPU
		{0321504A-9DD6-4267-90EE-3D1675E8E765}.Release|Any CPU.Build.0 = Release|Any CPU
		{F32ECA8A-B79D-4931-BC17-64242E061F08}.Debug|Any CPU.ActiveCfg = Debug|Any CPU
		{F32ECA8A-B79D-4931-BC17-64242E061F08}.Debug|Any CPU.Build.0 = Debug|Any CPU
		{F32ECA8A-B79D-4931-BC17-64242E061F08}.Release|Any CPU.ActiveCfg = Release|Any CPU
		{F32ECA8A-B79D-4931-BC17-64242E061F08}.Release|Any CPU.Build.0 = Release|Any CPU
		{5C8369A8-B2B3-4B91-8437-92BB3B79A545}.Debug|Any CPU.ActiveCfg = Debug|Any CPU
		{5C8369A8-B2B3-4B91-8437-92BB3B79A545}.Debug|Any CPU.Build.0 = Debug|Any CPU
		{5C8369A8-B2B3-4B91-8437-92BB3B79A545}.Release|Any CPU.ActiveCfg = Release|Any CPU
		{5C8369A8-B2B3-4B91-8437-92BB3B79A545}.Release|Any CPU.Build.0 = Release|Any CPU
		{65EEC0F7-3BC5-43D7-BB60-D3C74B5E664F}.Debug|Any CPU.ActiveCfg = Debug|Any CPU
		{65EEC0F7-3BC5-43D7-BB60-D3C74B5E664F}.Debug|Any CPU.Build.0 = Debug|Any CPU
		{65EEC0F7-3BC5-43D7-BB60-D3C74B5E664F}.Release|Any CPU.ActiveCfg = Release|Any CPU
		{65EEC0F7-3BC5-43D7-BB60-D3C74B5E664F}.Release|Any CPU.Build.0 = Release|Any CPU
		{7C36FCCA-7274-4E94-8477-A5E0CAB1B79C}.Debug|Any CPU.ActiveCfg = Debug|Any CPU
		{7C36FCCA-7274-4E94-8477-A5E0CAB1B79C}.Debug|Any CPU.Build.0 = Debug|Any CPU
		{7C36FCCA-7274-4E94-8477-A5E0CAB1B79C}.Release|Any CPU.ActiveCfg = Release|Any CPU
		{7C36FCCA-7274-4E94-8477-A5E0CAB1B79C}.Release|Any CPU.Build.0 = Release|Any CPU
		{A95DA0BA-19D3-41C9-BFF3-F0D63E6E0D32}.Debug|Any CPU.ActiveCfg = Debug|Any CPU
		{A95DA0BA-19D3-41C9-BFF3-F0D63E6E0D32}.Debug|Any CPU.Build.0 = Debug|Any CPU
		{A95DA0BA-19D3-41C9-BFF3-F0D63E6E0D32}.Release|Any CPU.ActiveCfg = Release|Any CPU
		{A95DA0BA-19D3-41C9-BFF3-F0D63E6E0D32}.Release|Any CPU.Build.0 = Release|Any CPU
	EndGlobalSection
	GlobalSection(SolutionProperties) = preSolution
		HideSolutionNode = FALSE
	EndGlobalSection
	GlobalSection(ExtensibilityGlobals) = postSolution
		SolutionGuid = {D184777A-0E32-49EE-860D-C45A72C1BFEC}
	EndGlobalSection
EndGlobal
